
Microsoft Visual Studio Solution File, Format Version 12.00
# Visual Studio 2015
Project("{FAE04EC0-301F-11D3-BF4B-00C04F79EFBC}") = "Game1.CSharp.Plugins", "Game1.CSharp.Plugins.csproj", "{D3AB3807-108E-D325-3642-C978F08ECFDC}"
EndProject
Project("{FAE04EC0-301F-11D3-BF4B-00C04F79EFBC}") = "Game1.CSharp", "Game1.CSharp.csproj", "{B67D7F30-1348-638A-F11C-E49FD48D29EF}"
EndProject
Global
	GlobalSection(SolutionConfigurationPlatforms) = preSolution
		Debug|Any CPU = Debug|Any CPU
		Release|Any CPU = Release|Any CPU
	EndGlobalSection
	GlobalSection(ProjectConfigurationPlatforms) = postSolution
		{D3AB3807-108E-D325-3642-C978F08ECFDC}.Debug|Any CPU.ActiveCfg = Debug|Any CPU
		{D3AB3807-108E-D325-3642-C978F08ECFDC}.Debug|Any CPU.Build.0 = Debug|Any CPU
		{D3AB3807-108E-D325-3642-C978F08ECFDC}.Release|Any CPU.ActiveCfg = Release|Any CPU
		{D3AB3807-108E-D325-3642-C978F08ECFDC}.Release|Any CPU.Build.0 = Release|Any CPU
		{B67D7F30-1348-638A-F11C-E49FD48D29EF}.Debug|Any CPU.ActiveCfg = Debug|Any CPU
		{B67D7F30-1348-638A-F11C-E49FD48D29EF}.Debug|Any CPU.Build.0 = Debug|Any CPU
		{B67D7F30-1348-638A-F11C-E49FD48D29EF}.Release|Any CPU.ActiveCfg = Release|Any CPU
		{B67D7F30-1348-638A-F11C-E49FD48D29EF}.Release|Any CPU.Build.0 = Release|Any CPU
	EndGlobalSection
	GlobalSection(SolutionProperties) = preSolution
		HideSolutionNode = FALSE
	EndGlobalSection
EndGlobal
